// !$*UTF8*$!
{
	archiveVersion = 1;
	classes = {
	};
	objectVersion = 46;
	objects = {

/* Begin PBXBuildFile section */
		FB0ECD371D7093670032D5DE /* AppDelegate.swift in Sources */ = {isa = PBXBuildFile; fileRef = FB0ECD361D7093670032D5DE /* AppDelegate.swift */; };
		FB0ECD391D7093670032D5DE /* ViewController.swift in Sources */ = {isa = PBXBuildFile; fileRef = FB0ECD381D7093670032D5DE /* ViewController.swift */; };
		FB0ECD3C1D7093670032D5DE /* Main.storyboard in Resources */ = {isa = PBXBuildFile; fileRef = FB0ECD3A1D7093670032D5DE /* Main.storyboard */; };
		FB0ECD3F1D7093670032D5DE /* Pair.xcdatamodeld in Sources */ = {isa = PBXBuildFile; fileRef = FB0ECD3D1D7093670032D5DE /* Pair.xcdatamodeld */; };
		FB0ECD411D7093670032D5DE /* Assets.xcassets in Resources */ = {isa = PBXBuildFile; fileRef = FB0ECD401D7093670032D5DE /* Assets.xcassets */; };
		FB0ECD441D7093670032D5DE /* LaunchScreen.storyboard in Resources */ = {isa = PBXBuildFile; fileRef = FB0ECD421D7093670032D5DE /* LaunchScreen.storyboard */; };
/* End PBXBuildFile section */

/* Begin PBXFileReference section */
		FB0ECD331D7093670032D5DE /* Pair.app */ = {isa = PBXFileReference; explicitFileType = wrapper.application; includeInIndex = 0; path = Pair.app; sourceTree = BUILT_PRODUCTS_DIR; };
		FB0ECD361D7093670032D5DE /* AppDelegate.swift */ = {isa = PBXFileReference; lastKnownFileType = sourcecode.swift; path = AppDelegate.swift; sourceTree = "<group>"; };
		FB0ECD381D7093670032D5DE /* ViewController.swift */ = {isa = PBXFileReference; lastKnownFileType = sourcecode.swift; path = ViewController.swift; sourceTree = "<group>"; };
		FB0ECD3B1D7093670032D5DE /* Base */ = {isa = PBXFileReference; lastKnownFileType = file.storyboard; name = Base; path = Base.lproj/Main.storyboard; sourceTree = "<group>"; };
		FB0ECD3E1D7093670032D5DE /* Pair.xcdatamodel */ = {isa = PBXFileReference; lastKnownFileType = wrapper.xcdatamodel; path = Pair.xcdatamodel; sourceTree = "<group>"; };
		FB0ECD401D7093670032D5DE /* Assets.xcassets */ = {isa = PBXFileReference; lastKnownFileType = folder.assetcatalog; path = Assets.xcassets; sourceTree = "<group>"; };
		FB0ECD431D7093670032D5DE /* Base */ = {isa = PBXFileReference; lastKnownFileType = file.storyboard; name = Base; path = Base.lproj/LaunchScreen.storyboard; sourceTree = "<group>"; };
		FB0ECD451D7093670032D5DE /* Info.plist */ = {isa = PBXFileReference; lastKnownFileType = text.plist.xml; path = Info.plist; sourceTree = "<group>"; };
/* End PBXFileReference section */

/* Begin PBXFrameworksBuildPhase section */
		FB0ECD301D7093670032D5DE /* Frameworks */ = {
			isa = PBXFrameworksBuildPhase;
			buildActionMask = 2147483647;
			files = (
			);
			runOnlyForDeploymentPostprocessing = 0;
		};
/* End PBXFrameworksBuildPhase section */

/* Begin PBXGroup section */
		FB0ECD2A1D7093670032D5DE = {
			isa = PBXGroup;
			children = (
				FB0ECD351D7093670032D5DE /* Pair */,
				FB0ECD341D7093670032D5DE /* Products */,
			);
			sourceTree = "<group>";
		};
		FB0ECD341D7093670032D5DE /* Products */ = {
			isa = PBXGroup;
			children = (
				FB0ECD331D7093670032D5DE /* Pair.app */,
			);
			name = Products;
			sourceTree = "<group>";
		};
		FB0ECD351D7093670032D5DE /* Pair */ = {
			isa = PBXGroup;
			children = (
				FB0ECD361D7093670032D5DE /* AppDelegate.swift */,
				FB0ECD381D7093670032D5DE /* ViewController.swift */,
				FB0ECD3A1D7093670032D5DE /* Main.storyboard */,
				FB0ECD401D7093670032D5DE /* Assets.xcassets */,
				FB0ECD421D7093670032D5DE /* LaunchScreen.storyboard */,
				FB0ECD451D7093670032D5DE /* Info.plist */,
				FB0ECD3D1D7093670032D5DE /* Pair.xcdatamodeld */,
			);
			path = Pair;
			sourceTree = "<group>";
		};
/* End PBXGroup section */

/* Begin PBXNativeTarget section */
		FB0ECD321D7093670032D5DE /* Pair */ = {
			isa = PBXNativeTarget;
			buildConfigurationList = FB0ECD481D7093670032D5DE /* Build configuration list for PBXNativeTarget "Pair" */;
			buildPhases = (
				FB0ECD2F1D7093670032D5DE /* Sources */,
				FB0ECD301D7093670032D5DE /* Frameworks */,
				FB0ECD311D7093670032D5DE /* Resources */,
			);
			buildRules = (
			);
			dependencies = (
			);
			name = Pair;
			productName = Pair;
			productReference = FB0ECD331D7093670032D5DE /* Pair.app */;
			productType = "com.apple.product-type.application";
		};
/* End PBXNativeTarget section */

/* Begin PBXProject section */
		FB0ECD2B1D7093670032D5DE /* Project object */ = {
			isa = PBXProject;
			attributes = {
				LastSwiftUpdateCheck = 0730;
				LastUpgradeCheck = 0730;
				ORGANIZATIONNAME = "Ryan Plitt";
				TargetAttributes = {
					FB0ECD321D7093670032D5DE = {
						CreatedOnToolsVersion = 7.3;
					};
				};
			};
			buildConfigurationList = FB0ECD2E1D7093670032D5DE /* Build configuration list for PBXProject "Pair" */;
			compatibilityVersion = "Xcode 3.2";
			developmentRegion = English;
			hasScannedForEncodings = 0;
			knownRegions = (
				en,
				Base,
			);
			mainGroup = FB0ECD2A1D7093670032D5DE;
			productRefGroup = FB0ECD341D7093670032D5DE /* Products */;
			projectDirPath = "";
			projectRoot = "";
			targets = (
				FB0ECD321D7093670032D5DE /* Pair */,
			);
		};
/* End PBXProject section */

/* Begin PBXResourcesBuildPhase section */
		FB0ECD311D7093670032D5DE /* Resources */ = {
			isa = PBXResourcesBuildPhase;
			buildActionMask = 2147483647;
			files = (
				FB0ECD441D7093670032D5DE /* LaunchScreen.storyboard in Resources */,
				FB0ECD411D7093670032D5DE /* Assets.xcassets in Resources */,
				FB0ECD3C1D7093670032D5DE /* Main.storyboard in Resources */,
			);
			runOnlyForDeploymentPostprocessing = 0;
		};
/* End PBXResourcesBuildPhase section */

/* Begin PBXSourcesBuildPhase section */
		FB0ECD2F1D7093670032D5DE /* Sources */ = {
			isa = PBXSourcesBuildPhase;
			buildActionMask = 2147483647;
			files = (
				FB0ECD3F1D7093670032D5DE /* Pair.xcdatamodeld in Sources */,
				FB0ECD391D7093670032D5DE /* ViewController.swift in Sources */,
				FB0ECD371D7093670032D5DE /* AppDelegate.swift in Sources */,
			);
			runOnlyForDeploymentPostprocessing = 0;
		};
/* End PBXSourcesBuildPhase section */

/* Begin PBXVariantGroup section */
		FB0ECD3A1D7093670032D5DE /* Main.storyboard */ = {
			isa = PBXVariantGroup;
			children = (
				FB0ECD3B1D7093670032D5DE /* Base */,
			);
			name = Main.storyboard;
			sourceTree = "<group>";
		};
		FB0ECD421D7093670032D5DE /* LaunchScreen.storyboard */ = {
			isa = PBXVariantGroup;
			children = (
				FB0ECD431D7093670032D5DE /* Base */,
			);
			name = LaunchScreen.storyboard;
			sourceTree = "<group>";
		};
/* End PBXVariantGroup section */

/* Begin XCBuildConfiguration section */
		FB0ECD461D7093670032D5DE /* Debug */ = {
			isa = XCBuildConfiguration;
			buildSettings = {
				ALWAYS_SEARCH_USER_PATHS = NO;
				CLANG_ANALYZER_NONNULL = YES;
				CLANG_CXX_LANGUAGE_STANDARD = "gnu++0x";
				CLANG_CXX_LIBRARY = "libc++";
				CLANG_ENABLE_MODULES = YES;
				CLANG_ENABLE_OBJC_ARC = YES;
				CLANG_WARN_BOOL_CONVERSION = YES;
				CLANG_WARN_CONSTANT_CONVERSION = YES;
				CLANG_WARN_DIRECT_OBJC_ISA_USAGE = YES_ERROR;
				CLANG_WARN_EMPTY_BODY = YES;
				CLANG_WARN_ENUM_CONVERSION = YES;
				CLANG_WARN_INT_CONVERSION = YES;
				CLANG_WARN_OBJC_ROOT_CLASS = YES_ERROR;
				CLANG_WARN_UNREACHABLE_CODE = YES;
				CLANG_WARN__DUPLICATE_METHOD_MATCH = YES;
				"CODE_SIGN_IDENTITY[sdk=iphoneos*]" = "iPhone Developer";
				COPY_PHASE_STRIP = NO;
				DEBUG_INFORMATION_FORMAT = dwarf;
				ENABLE_STRICT_OBJC_MSGSEND = YES;
				ENABLE_TESTABILITY = YES;
				GCC_C_LANGUAGE_STANDARD = gnu99;
				GCC_DYNAMIC_NO_PIC = NO;
				GCC_NO_COMMON_BLOCKS = YES;
				GCC_OPTIMIZATION_LEVEL = 0;
				GCC_PREPROCESSOR_DEFINITIONS = (
					"DEBUG=1",
					"$(inherited)",
				);
				GCC_WARN_64_TO_32_BIT_CONVERSION = YES;
				GCC_WARN_ABOUT_RETURN_TYPE = YES_ERROR;
				GCC_WARN_UNDECLARED_SELECTOR = YES;
				GCC_WARN_UNINITIALIZED_AUTOS = YES_AGGRESSIVE;
				GCC_WARN_UNUSED_FUNCTION = YES;
				GCC_WARN_UNUSED_VARIABLE = YES;
				IPHONEOS_DEPLOYMENT_TARGET = 9.3;
				MTL_ENABLE_DEBUG_INFO = YES;
				ONLY_ACTIVE_ARCH = YES;
				SDKROOT = iphoneos;
				SWIFT_OPTIMIZATION_LEVEL = "-Onone";
			};
			name = Debug;
		};
		FB0ECD471D7093670032D5DE /* Release */ = {
			isa = XCBuildConfiguration;
			buildSettings = {
				ALWAYS_SEARCH_USER_PATHS = NO;
				CLANG_ANALYZER_NONNULL = YES;
				CLANG_CXX_LANGUAGE_STANDARD = "gnu++0x";
				CLANG_CXX_LIBRARY = "libc++";
				CLANG_ENABLE_MODULES = YES;
				CLANG_ENABLE_OBJC_ARC = YES;
				CLANG_WARN_BOOL_CONVERSION = YES;
				CLANG_WARN_CONSTANT_CONVERSION = YES;
				CLANG_WARN_DIRECT_OBJC_ISA_USAGE = YES_ERROR;
				CLANG_WARN_EMPTY_BODY = YES;
				CLANG_WARN_ENUM_CONVERSION = YES;
				CLANG_WARN_INT_CONVERSION = YES;
				CLANG_WARN_OBJC_ROOT_CLASS = YES_ERROR;
				CLANG_WARN_UNREACHABLE_CODE = YES;
				CLANG_WARN__DUPLICATE_METHOD_MATCH = YES;
				"CODE_SIGN_IDENTITY[sdk=iphoneos*]" = "iPhone Developer";
				COPY_PHASE_STRIP = NO;
				DEBUG_INFORMATION_FORMAT = "dwarf-with-dsym";
				ENABLE_NS_ASSERTIONS = NO;
				ENABLE_STRICT_OBJC_MSGSEND = YES;
				GCC_C_LANGUAGE_STANDARD = gnu99;
				GCC_NO_COMMON_BLOCKS = YES;
				GCC_WARN_64_TO_32_BIT_CONVERSION = YES;
				GCC_WARN_ABOUT_RETURN_TYPE = YES_ERROR;
				GCC_WARN_UNDECLARED_SELECTOR = YES;
				GCC_WARN_UNINITIALIZED_AUTOS = YES_AGGRESSIVE;
				GCC_WARN_UNUSED_FUNCTION = YES;
				GCC_WARN_UNUSED_VARIABLE = YES;
				IPHONEOS_DEPLOYMENT_TARGET = 9.3;
				MTL_ENABLE_DEBUG_INFO = NO;
				SDKROOT = iphoneos;
				VALIDATE_PRODUCT = YES;
			};
			name = Release;
		};
		FB0ECD491D7093670032D5DE /* Debug */ = {
			isa = XCBuildConfiguration;
			buildSettings = {
				ASSETCATALOG_COMPILER_APPICON_NAME = AppIcon;
				INFOPLIST_FILE = Pair/Info.plist;
				LD_RUNPATH_SEARCH_PATHS = "$(inherited) @executable_path/Frameworks";
				PRODUCT_BUNDLE_IDENTIFIER = com.RyanPlitt.Pair;
				PRODUCT_NAME = "$(TARGET_NAME)";
			};
			name = Debug;
		};
		FB0ECD4A1D7093670032D5DE /* Release */ = {
			isa = XCBuildConfiguration;
			buildSettings = {
				ASSETCATALOG_COMPILER_APPICON_NAME = AppIcon;
				INFOPLIST_FILE = Pair/Info.plist;
				LD_RUNPATH_SEARCH_PATHS = "$(inherited) @executable_path/Frameworks";
				PRODUCT_BUNDLE_IDENTIFIER = com.RyanPlitt.Pair;
				PRODUCT_NAME = "$(TARGET_NAME)";
			};
			name = Release;
		};
/* End XCBuildConfiguration section */

/* Begin XCConfigurationList section */
		FB0ECD2E1D7093670032D5DE /* Build configuration list for PBXProject "Pair" */ = {
			isa = XCConfigurationList;
			buildConfigurations = (
				FB0ECD461D7093670032D5DE /* Debug */,
				FB0ECD471D7093670032D5DE /* Release */,
			);
			defaultConfigurationIsVisible = 0;
			defaultConfigurationName = Release;
		};
		FB0ECD481D7093670032D5DE /* Build configuration list for PBXNativeTarget "Pair" */ = {
			isa = XCConfigurationList;
			buildConfigurations = (
				FB0ECD491D7093670032D5DE /* Debug */,
				FB0ECD4A1D7093670032D5DE /* Release */,
			);
			defaultConfigurationIsVisible = 0;
		};
/* End XCConfigurationList section */

/* Begin XCVersionGroup section */
		FB0ECD3D1D7093670032D5DE /* Pair.xcdatamodeld */ = {
			isa = XCVersionGroup;
			children = (
				FB0ECD3E1D7093670032D5DE /* Pair.xcdatamodel */,
			);
			currentVersion = FB0ECD3E1D7093670032D5DE /* Pair.xcdatamodel */;
			path = Pair.xcdatamodeld;
			sourceTree = "<group>";
			versionGroupType = wrapper.xcdatamodel;
		};
/* End XCVersionGroup section */
	};
	rootObject = FB0ECD2B1D7093670032D5DE /* Project object */;
}
